// !$*UTF8*$!
{
	archiveVersion = 1;
	classes = {
	};
	objectVersion = 55;
	objects = {

/* Begin PBXBuildFile section */
		7A3DF798287029FD00CCC81A /* TextInputContainer.swift in Sources */ = {isa = PBXBuildFile; fileRef = 7A3DF797287029FD00CCC81A /* TextInputContainer.swift */; };
		7A3DF79A28702D0500CCC81A /* RegisterNicknameView.swift in Sources */ = {isa = PBXBuildFile; fileRef = 7A3DF79928702D0400CCC81A /* RegisterNicknameView.swift */; };
		7A3DF79C2870308100CCC81A /* View.swift in Sources */ = {isa = PBXBuildFile; fileRef = 7A3DF79B2870308100CCC81A /* View.swift */; };
		7A3DF79E28703CB800CCC81A /* OnboardingView.swift in Sources */ = {isa = PBXBuildFile; fileRef = 7A3DF79D28703CB800CCC81A /* OnboardingView.swift */; };
		7A3DF7A028703EAA00CCC81A /* OnboardingTabView.swift in Sources */ = {isa = PBXBuildFile; fileRef = 7A3DF79F28703EAA00CCC81A /* OnboardingTabView.swift */; };
		7A3DF7A2287044DC00CCC81A /* OnboardingLastView.swift in Sources */ = {isa = PBXBuildFile; fileRef = 7A3DF7A1287044DC00CCC81A /* OnboardingLastView.swift */; };
		7A3DF7A428704AFC00CCC81A /* RegisterSessionView.swift in Sources */ = {isa = PBXBuildFile; fileRef = 7A3DF7A328704AFC00CCC81A /* RegisterSessionView.swift */; };
		C089031D2870225800359264 /* Constant.swift in Sources */ = {isa = PBXBuildFile; fileRef = C089031C2870225800359264 /* Constant.swift */; };
		C08903202870228D00359264 /* LoginManager.swift in Sources */ = {isa = PBXBuildFile; fileRef = C089031F2870228D00359264 /* LoginManager.swift */; };
		C08903232870230C00359264 /* String.swift in Sources */ = {isa = PBXBuildFile; fileRef = C08903222870230C00359264 /* String.swift */; };
		C08903252870231D00359264 /* DummyModel.swift in Sources */ = {isa = PBXBuildFile; fileRef = C08903242870231D00359264 /* DummyModel.swift */; };
		C08903272870233500359264 /* DummyView.swift in Sources */ = {isa = PBXBuildFile; fileRef = C08903262870233500359264 /* DummyView.swift */; };
		C089032B287038D500359264 /* VerificationView.swift in Sources */ = {isa = PBXBuildFile; fileRef = C089032A287038D500359264 /* VerificationView.swift */; };
		C089033128704B9F00359264 /* Color.swift in Sources */ = {isa = PBXBuildFile; fileRef = C089033028704B9F00359264 /* Color.swift */; };
		C089033128704B9F00359264 /* Color.swift in Sources */ = {isa = PBXBuildFile; fileRef = C089033028704B9F00359264 /* Color.swift */; };
		C089032B287038D500359264 /* VerificationView.swift in Sources */ = {isa = PBXBuildFile; fileRef = C089032A287038D500359264 /* VerificationView.swift */; };
		C0E0B0CC287013BC0081DD1F /* BEApp.swift in Sources */ = {isa = PBXBuildFile; fileRef = C0E0B0CB287013BB0081DD1F /* BEApp.swift */; };
		C0E0B0CE287013BC0081DD1F /* ContentView.swift in Sources */ = {isa = PBXBuildFile; fileRef = C0E0B0CD287013BC0081DD1F /* ContentView.swift */; };
		C0E0B0D0287013C00081DD1F /* Assets.xcassets in Resources */ = {isa = PBXBuildFile; fileRef = C0E0B0CF287013C00081DD1F /* Assets.xcassets */; };
		C0E0B0D3287013C00081DD1F /* Preview Assets.xcassets in Resources */ = {isa = PBXBuildFile; fileRef = C0E0B0D2287013C00081DD1F /* Preview Assets.xcassets */; };
		C0E0B0DA287016F40081DD1F /* GoogleService-Info.plist in Resources */ = {isa = PBXBuildFile; fileRef = C0E0B0D9287016F40081DD1F /* GoogleService-Info.plist */; };
		CF83E41D96F4B95FD845925A /* Pods_BE.framework in Frameworks */ = {isa = PBXBuildFile; fileRef = 7183E9D455D84C6700905EBA /* Pods_BE.framework */; };
/* End PBXBuildFile section */

/* Begin PBXFileReference section */
		6AC41999BD864A6334FDBEAA /* Pods-BE.release.xcconfig */ = {isa = PBXFileReference; includeInIndex = 1; lastKnownFileType = text.xcconfig; name = "Pods-BE.release.xcconfig"; path = "Target Support Files/Pods-BE/Pods-BE.release.xcconfig"; sourceTree = "<group>"; };
		7183E9D455D84C6700905EBA /* Pods_BE.framework */ = {isa = PBXFileReference; explicitFileType = wrapper.framework; includeInIndex = 0; path = Pods_BE.framework; sourceTree = BUILT_PRODUCTS_DIR; };
		7A3DF797287029FD00CCC81A /* TextInputContainer.swift */ = {isa = PBXFileReference; lastKnownFileType = sourcecode.swift; path = TextInputContainer.swift; sourceTree = "<group>"; };
		7A3DF79928702D0400CCC81A /* RegisterNicknameView.swift */ = {isa = PBXFileReference; lastKnownFileType = sourcecode.swift; path = RegisterNicknameView.swift; sourceTree = "<group>"; };
		7A3DF79B2870308100CCC81A /* View.swift */ = {isa = PBXFileReference; lastKnownFileType = sourcecode.swift; path = View.swift; sourceTree = "<group>"; };
		7A3DF79D28703CB800CCC81A /* OnboardingView.swift */ = {isa = PBXFileReference; lastKnownFileType = sourcecode.swift; path = OnboardingView.swift; sourceTree = "<group>"; };
		7A3DF79F28703EAA00CCC81A /* OnboardingTabView.swift */ = {isa = PBXFileReference; lastKnownFileType = sourcecode.swift; path = OnboardingTabView.swift; sourceTree = "<group>"; };
		7A3DF7A1287044DC00CCC81A /* OnboardingLastView.swift */ = {isa = PBXFileReference; lastKnownFileType = sourcecode.swift; path = OnboardingLastView.swift; sourceTree = "<group>"; };
		7A3DF7A328704AFC00CCC81A /* RegisterSessionView.swift */ = {isa = PBXFileReference; lastKnownFileType = sourcecode.swift; path = RegisterSessionView.swift; sourceTree = "<group>"; };
		C089031C2870225800359264 /* Constant.swift */ = {isa = PBXFileReference; lastKnownFileType = sourcecode.swift; path = Constant.swift; sourceTree = "<group>"; };
		C089031F2870228D00359264 /* LoginManager.swift */ = {isa = PBXFileReference; lastKnownFileType = sourcecode.swift; path = LoginManager.swift; sourceTree = "<group>"; };
		C08903222870230C00359264 /* String.swift */ = {isa = PBXFileReference; lastKnownFileType = sourcecode.swift; path = String.swift; sourceTree = "<group>"; };
		C08903242870231D00359264 /* DummyModel.swift */ = {isa = PBXFileReference; lastKnownFileType = sourcecode.swift; path = DummyModel.swift; sourceTree = "<group>"; };
		C08903262870233500359264 /* DummyView.swift */ = {isa = PBXFileReference; lastKnownFileType = sourcecode.swift; path = DummyView.swift; sourceTree = "<group>"; };
		C089032828702AC200359264 /* BE.entitlements */ = {isa = PBXFileReference; lastKnownFileType = text.plist.entitlements; path = BE.entitlements; sourceTree = "<group>"; };
		C089032928702AD200359264 /* Info.plist */ = {isa = PBXFileReference; lastKnownFileType = text.plist; path = Info.plist; sourceTree = "<group>"; };
		C089032A287038D500359264 /* VerificationView.swift */ = {isa = PBXFileReference; lastKnownFileType = sourcecode.swift; path = VerificationView.swift; sourceTree = "<group>"; };
		C089033028704B9F00359264 /* Color.swift */ = {isa = PBXFileReference; fileEncoding = 4; lastKnownFileType = sourcecode.swift; path = Color.swift; sourceTree = "<group>"; };
		C089033028704B9F00359264 /* Color.swift */ = {isa = PBXFileReference; fileEncoding = 4; lastKnownFileType = sourcecode.swift; path = Color.swift; sourceTree = "<group>"; };
		C089032828702AC200359264 /* BE.entitlements */ = {isa = PBXFileReference; lastKnownFileType = text.plist.entitlements; path = BE.entitlements; sourceTree = "<group>"; };
		C089032928702AD200359264 /* Info.plist */ = {isa = PBXFileReference; lastKnownFileType = text.plist; path = Info.plist; sourceTree = "<group>"; };
		C089032A287038D500359264 /* VerificationView.swift */ = {isa = PBXFileReference; lastKnownFileType = sourcecode.swift; path = VerificationView.swift; sourceTree = "<group>"; };
		C0E0B0C8287013BB0081DD1F /* BE.app */ = {isa = PBXFileReference; explicitFileType = wrapper.application; includeInIndex = 0; path = BE.app; sourceTree = BUILT_PRODUCTS_DIR; };
		C0E0B0CB287013BB0081DD1F /* BEApp.swift */ = {isa = PBXFileReference; lastKnownFileType = sourcecode.swift; path = BEApp.swift; sourceTree = "<group>"; };
		C0E0B0CD287013BC0081DD1F /* ContentView.swift */ = {isa = PBXFileReference; lastKnownFileType = sourcecode.swift; path = ContentView.swift; sourceTree = "<group>"; };
		C0E0B0CF287013C00081DD1F /* Assets.xcassets */ = {isa = PBXFileReference; lastKnownFileType = folder.assetcatalog; path = Assets.xcassets; sourceTree = "<group>"; };
		C0E0B0D2287013C00081DD1F /* Preview Assets.xcassets */ = {isa = PBXFileReference; lastKnownFileType = folder.assetcatalog; path = "Preview Assets.xcassets"; sourceTree = "<group>"; };
		C0E0B0D9287016F40081DD1F /* GoogleService-Info.plist */ = {isa = PBXFileReference; fileEncoding = 4; lastKnownFileType = text.plist.xml; path = "GoogleService-Info.plist"; sourceTree = "<group>"; };
		CD58B3F6A9346D51B7A14A85 /* Pods-BE.debug.xcconfig */ = {isa = PBXFileReference; includeInIndex = 1; lastKnownFileType = text.xcconfig; name = "Pods-BE.debug.xcconfig"; path = "Target Support Files/Pods-BE/Pods-BE.debug.xcconfig"; sourceTree = "<group>"; };
/* End PBXFileReference section */

/* Begin PBXFrameworksBuildPhase section */
		C0E0B0C5287013BB0081DD1F /* Frameworks */ = {
			isa = PBXFrameworksBuildPhase;
			buildActionMask = 2147483647;
			files = (
				CF83E41D96F4B95FD845925A /* Pods_BE.framework in Frameworks */,
			);
			runOnlyForDeploymentPostprocessing = 0;
		};
/* End PBXFrameworksBuildPhase section */

/* Begin PBXGroup section */
		5B067E5D2ED3BFABB0AB4D03 /* Frameworks */ = {
			isa = PBXGroup;
			children = (
				7183E9D455D84C6700905EBA /* Pods_BE.framework */,
			);
			name = Frameworks;
			sourceTree = "<group>";
		};
		B486AA1D3AE11272DB90BF45 /* Pods */ = {
			isa = PBXGroup;
			children = (
				CD58B3F6A9346D51B7A14A85 /* Pods-BE.debug.xcconfig */,
				6AC41999BD864A6334FDBEAA /* Pods-BE.release.xcconfig */,
			);
			path = Pods;
			sourceTree = "<group>";
		};
		C0890318287021F200359264 /* Util */ = {
			isa = PBXGroup;
			children = (
				C089031C2870225800359264 /* Constant.swift */,
				C08903192870220D00359264 /* Extension */,
			);
			path = Util;
			sourceTree = "<group>";
		};
		C08903192870220D00359264 /* Extension */ = {
			isa = PBXGroup;
			children = (
				C089033028704B9F00359264 /* Color.swift */,
				C08903222870230C00359264 /* String.swift */,
				7A3DF79B2870308100CCC81A /* View.swift */,
			);
			path = Extension;
			sourceTree = "<group>";
		};
		C089031A2870221E00359264 /* Source */ = {
			isa = PBXGroup;
			children = (
				C089031B2870223000359264 /* Components */,
				C0E0B0CD287013BC0081DD1F /* ContentView.swift */,
				C089032A287038D500359264 /* VerificationView.swift */,
				7A3DF79928702D0400CCC81A /* RegisterNicknameView.swift */,
				7A3DF7A328704AFC00CCC81A /* RegisterSessionView.swift */,
				7A3DF79D28703CB800CCC81A /* OnboardingView.swift */,
				7A3DF79F28703EAA00CCC81A /* OnboardingTabView.swift */,
				7A3DF7A1287044DC00CCC81A /* OnboardingLastView.swift */,
			);
			path = Source;
			sourceTree = "<group>";
		};
		C089031B2870223000359264 /* Components */ = {
			isa = PBXGroup;
			children = (
				C08903262870233500359264 /* DummyView.swift */,
				7A3DF797287029FD00CCC81A /* TextInputContainer.swift */,
			);
			path = Components;
			sourceTree = "<group>";
		};
		C089031E2870227E00359264 /* Networking */ = {
			isa = PBXGroup;
			children = (
				C089031F2870228D00359264 /* LoginManager.swift */,
			);
			path = Networking;
			sourceTree = "<group>";
		};
		C0890321287022D700359264 /* Model */ = {
			isa = PBXGroup;
			children = (
				C08903242870231D00359264 /* DummyModel.swift */,
			);
			path = Model;
			sourceTree = "<group>";
		};
		C0E0B0BF287013BB0081DD1F = {
			isa = PBXGroup;
			children = (
				C0E0B0CA287013BB0081DD1F /* BE */,
				C0E0B0C9287013BB0081DD1F /* Products */,
				B486AA1D3AE11272DB90BF45 /* Pods */,
				5B067E5D2ED3BFABB0AB4D03 /* Frameworks */,
			);
			sourceTree = "<group>";
		};
		C0E0B0C9287013BB0081DD1F /* Products */ = {
			isa = PBXGroup;
			children = (
				C0E0B0C8287013BB0081DD1F /* BE.app */,
			);
			name = Products;
			sourceTree = "<group>";
		};
		C0E0B0CA287013BB0081DD1F /* BE */ = {
			isa = PBXGroup;
			children = (
				C089032928702AD200359264 /* Info.plist */,
				C089032828702AC200359264 /* BE.entitlements */,
				C0E0B0D9287016F40081DD1F /* GoogleService-Info.plist */,
				C0E0B0CB287013BB0081DD1F /* BEApp.swift */,
				C0E0B0CF287013C00081DD1F /* Assets.xcassets */,
				C0890318287021F200359264 /* Util */,
				C089031E2870227E00359264 /* Networking */,
				C0890321287022D700359264 /* Model */,
				C089031A2870221E00359264 /* Source */,
				C0E0B0D1287013C00081DD1F /* Preview Content */,
			);
			path = BE;
			sourceTree = "<group>";
		};
		C0E0B0D1287013C00081DD1F /* Preview Content */ = {
			isa = PBXGroup;
			children = (
				C0E0B0D2287013C00081DD1F /* Preview Assets.xcassets */,
			);
			path = "Preview Content";
			sourceTree = "<group>";
		};
/* End PBXGroup section */

/* Begin PBXNativeTarget section */
		C0E0B0C7287013BB0081DD1F /* BE */ = {
			isa = PBXNativeTarget;
			buildConfigurationList = C0E0B0D6287013C00081DD1F /* Build configuration list for PBXNativeTarget "BE" */;
			buildPhases = (
				304A4465454D7EC4AC367F72 /* [CP] Check Pods Manifest.lock */,
				C0E0B0C4287013BB0081DD1F /* Sources */,
				C0E0B0C5287013BB0081DD1F /* Frameworks */,
				C0E0B0C6287013BB0081DD1F /* Resources */,
				0578B1CA549DCC115A2C6140 /* [CP] Embed Pods Frameworks */,
			);
			buildRules = (
			);
			dependencies = (
			);
			name = BE;
			productName = BE;
			productReference = C0E0B0C8287013BB0081DD1F /* BE.app */;
			productType = "com.apple.product-type.application";
		};
/* End PBXNativeTarget section */

/* Begin PBXProject section */
		C0E0B0C0287013BB0081DD1F /* Project object */ = {
			isa = PBXProject;
			attributes = {
				BuildIndependentTargetsInParallel = 1;
				LastSwiftUpdateCheck = 1340;
				LastUpgradeCheck = 1340;
				TargetAttributes = {
					C0E0B0C7287013BB0081DD1F = {
						CreatedOnToolsVersion = 13.4.1;
					};
				};
			};
			buildConfigurationList = C0E0B0C3287013BB0081DD1F /* Build configuration list for PBXProject "BE" */;
			compatibilityVersion = "Xcode 13.0";
			developmentRegion = en;
			hasScannedForEncodings = 0;
			knownRegions = (
				en,
				Base,
			);
			mainGroup = C0E0B0BF287013BB0081DD1F;
			productRefGroup = C0E0B0C9287013BB0081DD1F /* Products */;
			projectDirPath = "";
			projectRoot = "";
			targets = (
				C0E0B0C7287013BB0081DD1F /* BE */,
			);
		};
/* End PBXProject section */

/* Begin PBXResourcesBuildPhase section */
		C0E0B0C6287013BB0081DD1F /* Resources */ = {
			isa = PBXResourcesBuildPhase;
			buildActionMask = 2147483647;
			files = (
				C0E0B0D3287013C00081DD1F /* Preview Assets.xcassets in Resources */,
				C0E0B0D0287013C00081DD1F /* Assets.xcassets in Resources */,
				C0E0B0DA287016F40081DD1F /* GoogleService-Info.plist in Resources */,
			);
			runOnlyForDeploymentPostprocessing = 0;
		};
/* End PBXResourcesBuildPhase section */

/* Begin PBXShellScriptBuildPhase section */
		0578B1CA549DCC115A2C6140 /* [CP] Embed Pods Frameworks */ = {
			isa = PBXShellScriptBuildPhase;
			buildActionMask = 2147483647;
			files = (
			);
			inputFileListPaths = (
				"${PODS_ROOT}/Target Support Files/Pods-BE/Pods-BE-frameworks-${CONFIGURATION}-input-files.xcfilelist",
			);
			name = "[CP] Embed Pods Frameworks";
			outputFileListPaths = (
				"${PODS_ROOT}/Target Support Files/Pods-BE/Pods-BE-frameworks-${CONFIGURATION}-output-files.xcfilelist",
			);
			runOnlyForDeploymentPostprocessing = 0;
			shellPath = /bin/sh;
			shellScript = "\"${PODS_ROOT}/Target Support Files/Pods-BE/Pods-BE-frameworks.sh\"\n";
			showEnvVarsInLog = 0;
		};
		304A4465454D7EC4AC367F72 /* [CP] Check Pods Manifest.lock */ = {
			isa = PBXShellScriptBuildPhase;
			buildActionMask = 2147483647;
			files = (
			);
			inputFileListPaths = (
			);
			inputPaths = (
				"${PODS_PODFILE_DIR_PATH}/Podfile.lock",
				"${PODS_ROOT}/Manifest.lock",
			);
			name = "[CP] Check Pods Manifest.lock";
			outputFileListPaths = (
			);
			outputPaths = (
				"$(DERIVED_FILE_DIR)/Pods-BE-checkManifestLockResult.txt",
			);
			runOnlyForDeploymentPostprocessing = 0;
			shellPath = /bin/sh;
			shellScript = "diff \"${PODS_PODFILE_DIR_PATH}/Podfile.lock\" \"${PODS_ROOT}/Manifest.lock\" > /dev/null\nif [ $? != 0 ] ; then\n    # print error to STDERR\n    echo \"error: The sandbox is not in sync with the Podfile.lock. Run 'pod install' or update your CocoaPods installation.\" >&2\n    exit 1\nfi\n# This output is used by Xcode 'outputs' to avoid re-running this script phase.\necho \"SUCCESS\" > \"${SCRIPT_OUTPUT_FILE_0}\"\n";
			showEnvVarsInLog = 0;
		};
/* End PBXShellScriptBuildPhase section */

/* Begin PBXSourcesBuildPhase section */
		C0E0B0C4287013BB0081DD1F /* Sources */ = {
			isa = PBXSourcesBuildPhase;
			buildActionMask = 2147483647;
			files = (
				7A3DF7A428704AFC00CCC81A /* RegisterSessionView.swift in Sources */,
				C08903252870231D00359264 /* DummyModel.swift in Sources */,
				7A3DF7A028703EAA00CCC81A /* OnboardingTabView.swift in Sources */,
				C0E0B0CE287013BC0081DD1F /* ContentView.swift in Sources */,
				7A3DF79C2870308100CCC81A /* View.swift in Sources */,
				C08903272870233500359264 /* DummyView.swift in Sources */,
				7A3DF798287029FD00CCC81A /* TextInputContainer.swift in Sources */,
				7A3DF79E28703CB800CCC81A /* OnboardingView.swift in Sources */,
				7A3DF79A28702D0500CCC81A /* RegisterNicknameView.swift in Sources */,
				C08903202870228D00359264 /* LoginManager.swift in Sources */,
				C08903232870230C00359264 /* String.swift in Sources */,
				C089033128704B9F00359264 /* Color.swift in Sources */,
				C0E0B0CC287013BC0081DD1F /* BEApp.swift in Sources */,
				7A3DF7A2287044DC00CCC81A /* OnboardingLastView.swift in Sources */,
				C089031D2870225800359264 /* Constant.swift in Sources */,
				C089032B287038D500359264 /* VerificationView.swift in Sources */,
			);
			runOnlyForDeploymentPostprocessing = 0;
		};
/* End PBXSourcesBuildPhase section */

/* Begin XCBuildConfiguration section */
		C0E0B0D4287013C00081DD1F /* Debug */ = {
			isa = XCBuildConfiguration;
			buildSettings = {
				ALWAYS_SEARCH_USER_PATHS = NO;
				CLANG_ANALYZER_NONNULL = YES;
				CLANG_ANALYZER_NUMBER_OBJECT_CONVERSION = YES_AGGRESSIVE;
				CLANG_CXX_LANGUAGE_STANDARD = "gnu++17";
				CLANG_ENABLE_MODULES = YES;
				CLANG_ENABLE_OBJC_ARC = YES;
				CLANG_ENABLE_OBJC_WEAK = YES;
				CLANG_WARN_BLOCK_CAPTURE_AUTORELEASING = YES;
				CLANG_WARN_BOOL_CONVERSION = YES;
				CLANG_WARN_COMMA = YES;
				CLANG_WARN_CONSTANT_CONVERSION = YES;
				CLANG_WARN_DEPRECATED_OBJC_IMPLEMENTATIONS = YES;
				CLANG_WARN_DIRECT_OBJC_ISA_USAGE = YES_ERROR;
				CLANG_WARN_DOCUMENTATION_COMMENTS = YES;
				CLANG_WARN_EMPTY_BODY = YES;
				CLANG_WARN_ENUM_CONVERSION = YES;
				CLANG_WARN_INFINITE_RECURSION = YES;
				CLANG_WARN_INT_CONVERSION = YES;
				CLANG_WARN_NON_LITERAL_NULL_CONVERSION = YES;
				CLANG_WARN_OBJC_IMPLICIT_RETAIN_SELF = YES;
				CLANG_WARN_OBJC_LITERAL_CONVERSION = YES;
				CLANG_WARN_OBJC_ROOT_CLASS = YES_ERROR;
				CLANG_WARN_QUOTED_INCLUDE_IN_FRAMEWORK_HEADER = YES;
				CLANG_WARN_RANGE_LOOP_ANALYSIS = YES;
				CLANG_WARN_STRICT_PROTOTYPES = YES;
				CLANG_WARN_SUSPICIOUS_MOVE = YES;
				CLANG_WARN_UNGUARDED_AVAILABILITY = YES_AGGRESSIVE;
				CLANG_WARN_UNREACHABLE_CODE = YES;
				CLANG_WARN__DUPLICATE_METHOD_MATCH = YES;
				COPY_PHASE_STRIP = NO;
				DEBUG_INFORMATION_FORMAT = dwarf;
				ENABLE_STRICT_OBJC_MSGSEND = YES;
				ENABLE_TESTABILITY = YES;
				GCC_C_LANGUAGE_STANDARD = gnu11;
				GCC_DYNAMIC_NO_PIC = NO;
				GCC_NO_COMMON_BLOCKS = YES;
				GCC_OPTIMIZATION_LEVEL = 0;
				GCC_PREPROCESSOR_DEFINITIONS = (
					"DEBUG=1",
					"$(inherited)",
				);
				GCC_WARN_64_TO_32_BIT_CONVERSION = YES;
				GCC_WARN_ABOUT_RETURN_TYPE = YES_ERROR;
				GCC_WARN_UNDECLARED_SELECTOR = YES;
				GCC_WARN_UNINITIALIZED_AUTOS = YES_AGGRESSIVE;
				GCC_WARN_UNUSED_FUNCTION = YES;
				GCC_WARN_UNUSED_VARIABLE = YES;
				IPHONEOS_DEPLOYMENT_TARGET = 15.5;
				MTL_ENABLE_DEBUG_INFO = INCLUDE_SOURCE;
				MTL_FAST_MATH = YES;
				ONLY_ACTIVE_ARCH = YES;
				SDKROOT = iphoneos;
				SWIFT_ACTIVE_COMPILATION_CONDITIONS = DEBUG;
				SWIFT_OPTIMIZATION_LEVEL = "-Onone";
			};
			name = Debug;
		};
		C0E0B0D5287013C00081DD1F /* Release */ = {
			isa = XCBuildConfiguration;
			buildSettings = {
				ALWAYS_SEARCH_USER_PATHS = NO;
				CLANG_ANALYZER_NONNULL = YES;
				CLANG_ANALYZER_NUMBER_OBJECT_CONVERSION = YES_AGGRESSIVE;
				CLANG_CXX_LANGUAGE_STANDARD = "gnu++17";
				CLANG_ENABLE_MODULES = YES;
				CLANG_ENABLE_OBJC_ARC = YES;
				CLANG_ENABLE_OBJC_WEAK = YES;
				CLANG_WARN_BLOCK_CAPTURE_AUTORELEASING = YES;
				CLANG_WARN_BOOL_CONVERSION = YES;
				CLANG_WARN_COMMA = YES;
				CLANG_WARN_CONSTANT_CONVERSION = YES;
				CLANG_WARN_DEPRECATED_OBJC_IMPLEMENTATIONS = YES;
				CLANG_WARN_DIRECT_OBJC_ISA_USAGE = YES_ERROR;
				CLANG_WARN_DOCUMENTATION_COMMENTS = YES;
				CLANG_WARN_EMPTY_BODY = YES;
				CLANG_WARN_ENUM_CONVERSION = YES;
				CLANG_WARN_INFINITE_RECURSION = YES;
				CLANG_WARN_INT_CONVERSION = YES;
				CLANG_WARN_NON_LITERAL_NULL_CONVERSION = YES;
				CLANG_WARN_OBJC_IMPLICIT_RETAIN_SELF = YES;
				CLANG_WARN_OBJC_LITERAL_CONVERSION = YES;
				CLANG_WARN_OBJC_ROOT_CLASS = YES_ERROR;
				CLANG_WARN_QUOTED_INCLUDE_IN_FRAMEWORK_HEADER = YES;
				CLANG_WARN_RANGE_LOOP_ANALYSIS = YES;
				CLANG_WARN_STRICT_PROTOTYPES = YES;
				CLANG_WARN_SUSPICIOUS_MOVE = YES;
				CLANG_WARN_UNGUARDED_AVAILABILITY = YES_AGGRESSIVE;
				CLANG_WARN_UNREACHABLE_CODE = YES;
				CLANG_WARN__DUPLICATE_METHOD_MATCH = YES;
				COPY_PHASE_STRIP = NO;
				DEBUG_INFORMATION_FORMAT = "dwarf-with-dsym";
				ENABLE_NS_ASSERTIONS = NO;
				ENABLE_STRICT_OBJC_MSGSEND = YES;
				GCC_C_LANGUAGE_STANDARD = gnu11;
				GCC_NO_COMMON_BLOCKS = YES;
				GCC_WARN_64_TO_32_BIT_CONVERSION = YES;
				GCC_WARN_ABOUT_RETURN_TYPE = YES_ERROR;
				GCC_WARN_UNDECLARED_SELECTOR = YES;
				GCC_WARN_UNINITIALIZED_AUTOS = YES_AGGRESSIVE;
				GCC_WARN_UNUSED_FUNCTION = YES;
				GCC_WARN_UNUSED_VARIABLE = YES;
				IPHONEOS_DEPLOYMENT_TARGET = 15.5;
				MTL_ENABLE_DEBUG_INFO = NO;
				MTL_FAST_MATH = YES;
				SDKROOT = iphoneos;
				SWIFT_COMPILATION_MODE = wholemodule;
				SWIFT_OPTIMIZATION_LEVEL = "-O";
				VALIDATE_PRODUCT = YES;
			};
			name = Release;
		};
		C0E0B0D7287013C00081DD1F /* Debug */ = {
			isa = XCBuildConfiguration;
			baseConfigurationReference = CD58B3F6A9346D51B7A14A85 /* Pods-BE.debug.xcconfig */;
			buildSettings = {
				ASSETCATALOG_COMPILER_APPICON_NAME = AppIcon;
				ASSETCATALOG_COMPILER_GLOBAL_ACCENT_COLOR_NAME = AccentColor;
				CODE_SIGN_ENTITLEMENTS = BE/BE.entitlements;
				CODE_SIGN_STYLE = Automatic;
				CURRENT_PROJECT_VERSION = 1;
				DEVELOPMENT_ASSET_PATHS = "\"BE/Preview Content\"";
				DEVELOPMENT_TEAM = 4DC5UF7YA9;
				ENABLE_PREVIEWS = YES;
				GENERATE_INFOPLIST_FILE = YES;
				INFOPLIST_FILE = BE/Info.plist;
				INFOPLIST_KEY_UIApplicationSceneManifest_Generation = YES;
				INFOPLIST_KEY_UIApplicationSupportsIndirectInputEvents = YES;
				INFOPLIST_KEY_UILaunchScreen_Generation = YES;
				INFOPLIST_KEY_UISupportedInterfaceOrientations = UIInterfaceOrientationPortrait;
				INFOPLIST_KEY_UISupportedInterfaceOrientations_iPad = "UIInterfaceOrientationPortrait UIInterfaceOrientationPortraitUpsideDown UIInterfaceOrientationLandscapeLeft UIInterfaceOrientationLandscapeRight";
				INFOPLIST_KEY_UISupportedInterfaceOrientations_iPhone = "UIInterfaceOrientationPortrait UIInterfaceOrientationLandscapeLeft UIInterfaceOrientationLandscapeRight";
				IPHONEOS_DEPLOYMENT_TARGET = 15.0;
				LD_RUNPATH_SEARCH_PATHS = (
					"$(inherited)",
					"@executable_path/Frameworks",
				);
				MARKETING_VERSION = 1.0;
				PRODUCT_BUNDLE_IDENTIFIER = com.gongtae.BE;
				PRODUCT_NAME = "$(TARGET_NAME)";
				SWIFT_EMIT_LOC_STRINGS = YES;
				SWIFT_VERSION = 5.0;
				TARGETED_DEVICE_FAMILY = 1;
			};
			name = Debug;
		};
		C0E0B0D8287013C00081DD1F /* Release */ = {
			isa = XCBuildConfiguration;
			baseConfigurationReference = 6AC41999BD864A6334FDBEAA /* Pods-BE.release.xcconfig */;
			buildSettings = {
				ASSETCATALOG_COMPILER_APPICON_NAME = AppIcon;
				ASSETCATALOG_COMPILER_GLOBAL_ACCENT_COLOR_NAME = AccentColor;
				CODE_SIGN_ENTITLEMENTS = BE/BE.entitlements;
				CODE_SIGN_STYLE = Automatic;
				CURRENT_PROJECT_VERSION = 1;
				DEVELOPMENT_ASSET_PATHS = "\"BE/Preview Content\"";
				DEVELOPMENT_TEAM = 4DC5UF7YA9;
				ENABLE_PREVIEWS = YES;
				GENERATE_INFOPLIST_FILE = YES;
				INFOPLIST_FILE = BE/Info.plist;
				INFOPLIST_KEY_UIApplicationSceneManifest_Generation = YES;
				INFOPLIST_KEY_UIApplicationSupportsIndirectInputEvents = YES;
				INFOPLIST_KEY_UILaunchScreen_Generation = YES;
				INFOPLIST_KEY_UISupportedInterfaceOrientations = UIInterfaceOrientationPortrait;
				INFOPLIST_KEY_UISupportedInterfaceOrientations_iPad = "UIInterfaceOrientationPortrait UIInterfaceOrientationPortraitUpsideDown UIInterfaceOrientationLandscapeLeft UIInterfaceOrientationLandscapeRight";
				INFOPLIST_KEY_UISupportedInterfaceOrientations_iPhone = "UIInterfaceOrientationPortrait UIInterfaceOrientationLandscapeLeft UIInterfaceOrientationLandscapeRight";
				IPHONEOS_DEPLOYMENT_TARGET = 15.0;
				LD_RUNPATH_SEARCH_PATHS = (
					"$(inherited)",
					"@executable_path/Frameworks",
				);
				MARKETING_VERSION = 1.0;
				PRODUCT_BUNDLE_IDENTIFIER = com.gongtae.BE;
				PRODUCT_NAME = "$(TARGET_NAME)";
				SWIFT_EMIT_LOC_STRINGS = YES;
				SWIFT_VERSION = 5.0;
				TARGETED_DEVICE_FAMILY = 1;
			};
			name = Release;
		};
/* End XCBuildConfiguration section */

/* Begin XCConfigurationList section */
		C0E0B0C3287013BB0081DD1F /* Build configuration list for PBXProject "BE" */ = {
			isa = XCConfigurationList;
			buildConfigurations = (
				C0E0B0D4287013C00081DD1F /* Debug */,
				C0E0B0D5287013C00081DD1F /* Release */,
			);
			defaultConfigurationIsVisible = 0;
			defaultConfigurationName = Release;
		};
		C0E0B0D6287013C00081DD1F /* Build configuration list for PBXNativeTarget "BE" */ = {
			isa = XCConfigurationList;
			buildConfigurations = (
				C0E0B0D7287013C00081DD1F /* Debug */,
				C0E0B0D8287013C00081DD1F /* Release */,
			);
			defaultConfigurationIsVisible = 0;
			defaultConfigurationName = Release;
		};
/* End XCConfigurationList section */
	};
	rootObject = C0E0B0C0287013BB0081DD1F /* Project object */;
}
